
Microsoft Visual Studio Solution File, Format Version 12.00
# Visual Studio Version 17
VisualStudioVersion = 17.3.32825.248
MinimumVisualStudioVersion = 10.0.40219.1
Project("{FAE04EC0-301F-11D3-BF4B-00C04F79EFBC}") = "Tic Tac Toe Game", "Tic Tac Toe Game\Tic Tac Toe Game.csproj", "{1A9F29CA-ABFE-45BF-93C3-D4D03D11F803}"
EndProject
Global
	GlobalSection(SolutionConfigurationPlatforms) = preSolution
		Debug|Any CPU = Debug|Any CPU
		Release|Any CPU = Release|Any CPU
	EndGlobalSection
	GlobalSection(ProjectConfigurationPlatforms) = postSolution
		{1A9F29CA-ABFE-45BF-93C3-D4D03D11F803}.Debug|Any CPU.ActiveCfg = Debug|Any CPU
		{1A9F29CA-ABFE-45BF-93C3-D4D03D11F803}.Debug|Any CPU.Build.0 = Debug|Any CPU
		{1A9F29CA-ABFE-45BF-93C3-D4D03D11F803}.Release|Any CPU.ActiveCfg = Release|Any CPU
		{1A9F29CA-ABFE-45BF-93C3-D4D03D11F803}.Release|Any CPU.Build.0 = Release|Any CPU
	EndGlobalSection
	GlobalSection(SolutionProperties) = preSolution
		HideSolutionNode = FALSE
	EndGlobalSection
	GlobalSection(ExtensibilityGlobals) = postSolution
		SolutionGuid = {0CAED358-4500-4ECD-B0E5-08C0C45832F5}
	EndGlobalSection
EndGlobal
